
Microsoft Visual Studio Solution File, Format Version 12.00
# Visual Studio Version 17
VisualStudioVersion = 17.0.31903.59
MinimumVisualStudioVersion = 10.0.40219.1
Project("{FAE04EC0-301F-11D3-BF4B-00C04F79EFBC}") = "Dating.Web", "Dating.Web\Dating.Web.csproj", "{08ADE7D7-912D-488B-A867-498624CF6DE9}"
EndProject
Project("{FAE04EC0-301F-11D3-BF4B-00C04F79EFBC}") = "Dating. Core", "Dating. Core\Dating. Core.csproj", "{E874B924-ADBE-4D08-B43C-84647F971879}"
EndProject
Project("{FAE04EC0-301F-11D3-BF4B-00C04F79EFBC}") = "Dating.Domain", "Dating.Domain\Dating.Domain.csproj", "{E974F28D-FB67-4ABF-8EE5-89258607ECB2}"
EndProject
Project("{FAE04EC0-301F-11D3-BF4B-00C04F79EFBC}") = "Dating.Service", "Dating.Service\Dating.Service.csproj", "{73B2B310-69A2-428D-AEF0-4ED2D0CCEA1C}"
EndProject
Project("{FAE04EC0-301F-11D3-BF4B-00C04F79EFBC}") = "Dating.Common", "Dating.Common\Dating.Common.csproj", "{F770F9CD-BF30-4132-856F-C471CA7FA46F}"
EndProject
Global
	GlobalSection(SolutionConfigurationPlatforms) = preSolution
		Debug|Any CPU = Debug|Any CPU
		Release|Any CPU = Release|Any CPU
	EndGlobalSection
	GlobalSection(SolutionProperties) = preSolution
		HideSolutionNode = FALSE
	EndGlobalSection
	GlobalSection(ProjectConfigurationPlatforms) = postSolution
		{08ADE7D7-912D-488B-A867-498624CF6DE9}.Debug|Any CPU.ActiveCfg = Debug|Any CPU
		{08ADE7D7-912D-488B-A867-498624CF6DE9}.Debug|Any CPU.Build.0 = Debug|Any CPU
		{08ADE7D7-912D-488B-A867-498624CF6DE9}.Release|Any CPU.ActiveCfg = Release|Any CPU
		{08ADE7D7-912D-488B-A867-498624CF6DE9}.Release|Any CPU.Build.0 = Release|Any CPU
		{E874B924-ADBE-4D08-B43C-84647F971879}.Debug|Any CPU.ActiveCfg = Debug|Any CPU
		{E874B924-ADBE-4D08-B43C-84647F971879}.Debug|Any CPU.Build.0 = Debug|Any CPU
		{E874B924-ADBE-4D08-B43C-84647F971879}.Release|Any CPU.ActiveCfg = Release|Any CPU
		{E874B924-ADBE-4D08-B43C-84647F971879}.Release|Any CPU.Build.0 = Release|Any CPU
		{E974F28D-FB67-4ABF-8EE5-89258607ECB2}.Debug|Any CPU.ActiveCfg = Debug|Any CPU
		{E974F28D-FB67-4ABF-8EE5-89258607ECB2}.Debug|Any CPU.Build.0 = Debug|Any CPU
		{E974F28D-FB67-4ABF-8EE5-89258607ECB2}.Release|Any CPU.ActiveCfg = Release|Any CPU
		{E974F28D-FB67-4ABF-8EE5-89258607ECB2}.Release|Any CPU.Build.0 = Release|Any CPU
		{73B2B310-69A2-428D-AEF0-4ED2D0CCEA1C}.Debug|Any CPU.ActiveCfg = Debug|Any CPU
		{73B2B310-69A2-428D-AEF0-4ED2D0CCEA1C}.Debug|Any CPU.Build.0 = Debug|Any CPU
		{73B2B310-69A2-428D-AEF0-4ED2D0CCEA1C}.Release|Any CPU.ActiveCfg = Release|Any CPU
		{73B2B310-69A2-428D-AEF0-4ED2D0CCEA1C}.Release|Any CPU.Build.0 = Release|Any CPU
		{F770F9CD-BF30-4132-856F-C471CA7FA46F}.Debug|Any CPU.ActiveCfg = Debug|Any CPU
		{F770F9CD-BF30-4132-856F-C471CA7FA46F}.Debug|Any CPU.Build.0 = Debug|Any CPU
		{F770F9CD-BF30-4132-856F-C471CA7FA46F}.Release|Any CPU.ActiveCfg = Release|Any CPU
		{F770F9CD-BF30-4132-856F-C471CA7FA46F}.Release|Any CPU.Build.0 = Release|Any CPU
	EndGlobalSection
EndGlobal
